
Microsoft Visual Studio Solution File, Format Version 12.00
# Visual Studio 14
VisualStudioVersion = 14.0.24720.0
MinimumVisualStudioVersion = 10.0.40219.1
Project("{FAE04EC0-301F-11D3-BF4B-00C04F79EFBC}") = "ConsoleControl", "ConsoleControl\ConsoleControl.csproj", "{737CC7F2-EC7C-4800-B7EB-72637E892C42}"
EndProject
Project("{FAE04EC0-301F-11D3-BF4B-00C04F79EFBC}") = "ConsoleControlAPI", "ConsoleControlAPI\ConsoleControlAPI.csproj", "{A4B8573F-EBFC-4140-B8AA-7C037919EF57}"
EndProject
Project("{2150E333-8FDC-42A3-9474-1A3956D46DE8}") = "Controls", "Controls", "{75F316A9-2D1A-4788-B37B-8671FA2F17ED}"
EndProject
Project("{FAE04EC0-301F-11D3-BF4B-00C04F79EFBC}") = "Commandeer", "ConsoleControlBrowser\Commandeer.csproj", "{A80196B2-900B-44C7-A85A-172AECF9AAA2}"
EndProject
Global
	GlobalSection(SolutionConfigurationPlatforms) = preSolution
		Debug|Any CPU = Debug|Any CPU
		Debug|Mixed Platforms = Debug|Mixed Platforms
		Debug|x86 = Debug|x86
		Release|Any CPU = Release|Any CPU
		Release|Mixed Platforms = Release|Mixed Platforms
		Release|x86 = Release|x86
	EndGlobalSection
	GlobalSection(ProjectConfigurationPlatforms) = postSolution
		{737CC7F2-EC7C-4800-B7EB-72637E892C42}.Debug|Any CPU.ActiveCfg = Debug|Any CPU
		{737CC7F2-EC7C-4800-B7EB-72637E892C42}.Debug|Any CPU.Build.0 = Debug|Any CPU
		{737CC7F2-EC7C-4800-B7EB-72637E892C42}.Debug|Mixed Platforms.ActiveCfg = Debug|Any CPU
		{737CC7F2-EC7C-4800-B7EB-72637E892C42}.Debug|Mixed Platforms.Build.0 = Debug|Any CPU
		{737CC7F2-EC7C-4800-B7EB-72637E892C42}.Debug|x86.ActiveCfg = Debug|Any CPU
		{737CC7F2-EC7C-4800-B7EB-72637E892C42}.Release|Any CPU.ActiveCfg = Release|Any CPU
		{737CC7F2-EC7C-4800-B7EB-72637E892C42}.Release|Any CPU.Build.0 = Release|Any CPU
		{737CC7F2-EC7C-4800-B7EB-72637E892C42}.Release|Mixed Platforms.ActiveCfg = Release|Any CPU
		{737CC7F2-EC7C-4800-B7EB-72637E892C42}.Release|Mixed Platforms.Build.0 = Release|Any CPU
		{737CC7F2-EC7C-4800-B7EB-72637E892C42}.Release|x86.ActiveCfg = Release|Any CPU
		{A4B8573F-EBFC-4140-B8AA-7C037919EF57}.Debug|Any CPU.ActiveCfg = Debug|Any CPU
		{A4B8573F-EBFC-4140-B8AA-7C037919EF57}.Debug|Any CPU.Build.0 = Debug|Any CPU
		{A4B8573F-EBFC-4140-B8AA-7C037919EF57}.Debug|Mixed Platforms.ActiveCfg = Debug|Any CPU
		{A4B8573F-EBFC-4140-B8AA-7C037919EF57}.Debug|Mixed Platforms.Build.0 = Debug|Any CPU
		{A4B8573F-EBFC-4140-B8AA-7C037919EF57}.Debug|x86.ActiveCfg = Debug|Any CPU
		{A4B8573F-EBFC-4140-B8AA-7C037919EF57}.Release|Any CPU.ActiveCfg = Release|Any CPU
		{A4B8573F-EBFC-4140-B8AA-7C037919EF57}.Release|Any CPU.Build.0 = Release|Any CPU
		{A4B8573F-EBFC-4140-B8AA-7C037919EF57}.Release|Mixed Platforms.ActiveCfg = Release|Any CPU
		{A4B8573F-EBFC-4140-B8AA-7C037919EF57}.Release|Mixed Platforms.Build.0 = Release|Any CPU
		{A4B8573F-EBFC-4140-B8AA-7C037919EF57}.Release|x86.ActiveCfg = Release|Any CPU
		{A80196B2-900B-44C7-A85A-172AECF9AAA2}.Debug|Any CPU.ActiveCfg = Debug|Any CPU
		{A80196B2-900B-44C7-A85A-172AECF9AAA2}.Debug|Any CPU.Build.0 = Debug|Any CPU
		{A80196B2-900B-44C7-A85A-172AECF9AAA2}.Debug|Mixed Platforms.ActiveCfg = Debug|Any CPU
		{A80196B2-900B-44C7-A85A-172AECF9AAA2}.Debug|Mixed Platforms.Build.0 = Debug|Any CPU
		{A80196B2-900B-44C7-A85A-172AECF9AAA2}.Debug|x86.ActiveCfg = Debug|Any CPU
		{A80196B2-900B-44C7-A85A-172AECF9AAA2}.Debug|x86.Build.0 = Debug|Any CPU
		{A80196B2-900B-44C7-A85A-172AECF9AAA2}.Release|Any CPU.ActiveCfg = Release|Any CPU
		{A80196B2-900B-44C7-A85A-172AECF9AAA2}.Release|Any CPU.Build.0 = Release|Any CPU
		{A80196B2-900B-44C7-A85A-172AECF9AAA2}.Release|Mixed Platforms.ActiveCfg = Release|Any CPU
		{A80196B2-900B-44C7-A85A-172AECF9AAA2}.Release|Mixed Platforms.Build.0 = Release|Any CPU
		{A80196B2-900B-44C7-A85A-172AECF9AAA2}.Release|x86.ActiveCfg = Release|Any CPU
		{A80196B2-900B-44C7-A85A-172AECF9AAA2}.Release|x86.Build.0 = Release|Any CPU
	EndGlobalSection
	GlobalSection(SolutionProperties) = preSolution
		HideSolutionNode = FALSE
	EndGlobalSection
	GlobalSection(NestedProjects) = preSolution
		{737CC7F2-EC7C-4800-B7EB-72637E892C42} = {75F316A9-2D1A-4788-B37B-8671FA2F17ED}
		{A4B8573F-EBFC-4140-B8AA-7C037919EF57} = {75F316A9-2D1A-4788-B37B-8671FA2F17ED}
	EndGlobalSection
EndGlobal
